
Microsoft Visual Studio Solution File, Format Version 12.00
# Visual Studio Version 17
VisualStudioVersion = 17.3.32901.215
MinimumVisualStudioVersion = 10.0.40219.1
Project("{FAE04EC0-301F-11D3-BF4B-00C04F79EFBC}") = "sebze_meyve for ornek", "sebze_meyve for ornek\sebze_meyve for ornek.csproj", "{A3D18BD9-B183-4D9A-8915-2CEC24A59DE5}"
EndProject
Global
	GlobalSection(SolutionConfigurationPlatforms) = preSolution
		Debug|Any CPU = Debug|Any CPU
		Release|Any CPU = Release|Any CPU
	EndGlobalSection
	GlobalSection(ProjectConfigurationPlatforms) = postSolution
		{A3D18BD9-B183-4D9A-8915-2CEC24A59DE5}.Debug|Any CPU.ActiveCfg = Debug|Any CPU
		{A3D18BD9-B183-4D9A-8915-2CEC24A59DE5}.Debug|Any CPU.Build.0 = Debug|Any CPU
		{A3D18BD9-B183-4D9A-8915-2CEC24A59DE5}.Release|Any CPU.ActiveCfg = Release|Any CPU
		{A3D18BD9-B183-4D9A-8915-2CEC24A59DE5}.Release|Any CPU.Build.0 = Release|Any CPU
	EndGlobalSection
	GlobalSection(SolutionProperties) = preSolution
		HideSolutionNode = FALSE
	EndGlobalSection
	GlobalSection(ExtensibilityGlobals) = postSolution
		SolutionGuid = {936F46C1-1FDE-41B7-96B8-7450700F8473}
	EndGlobalSection
EndGlobal
